
Microsoft Visual Studio Solution File, Format Version 12.00
# Visual Studio Version 17
VisualStudioVersion = 17.0.31903.59
MinimumVisualStudioVersion = 10.0.40219.1
Project("{2150E333-8FDC-42A3-9474-1A3956D46DE8}") = "src", "src", "{AEF3DFEB-E2A8-4180-8917-780B9A0E792E}"
EndProject
Project("{FAE04EC0-301F-11D3-BF4B-00C04F79EFBC}") = "ImprivataProxy", "src\ImprivataProxy\ImprivataProxy.csproj", "{FAE119C9-75EB-4869-9959-0A0BA5CEA2D2}"
EndProject
Project("{2150E333-8FDC-42A3-9474-1A3956D46DE8}") = "tests", "tests", "{2F3C4B9C-03FB-4CF9-9654-4F38E1FF58A9}"
EndProject
Project("{FAE04EC0-301F-11D3-BF4B-00C04F79EFBC}") = "ImprivataProxy.Tests", "tests\ImprivataProxy.Tests\ImprivataProxy.Tests.csproj", "{E72D144E-877D-4613-832C-9259B56019C0}"
EndProject
Global
	GlobalSection(SolutionConfigurationPlatforms) = preSolution
		Debug|Any CPU = Debug|Any CPU
		Release|Any CPU = Release|Any CPU
	EndGlobalSection
	GlobalSection(SolutionProperties) = preSolution
		HideSolutionNode = FALSE
	EndGlobalSection
	GlobalSection(ProjectConfigurationPlatforms) = postSolution
		{FAE119C9-75EB-4869-9959-0A0BA5CEA2D2}.Debug|Any CPU.ActiveCfg = Debug|Any CPU
		{FAE119C9-75EB-4869-9959-0A0BA5CEA2D2}.Debug|Any CPU.Build.0 = Debug|Any CPU
		{FAE119C9-75EB-4869-9959-0A0BA5CEA2D2}.Release|Any CPU.ActiveCfg = Release|Any CPU
		{FAE119C9-75EB-4869-9959-0A0BA5CEA2D2}.Release|Any CPU.Build.0 = Release|Any CPU
		{E72D144E-877D-4613-832C-9259B56019C0}.Debug|Any CPU.ActiveCfg = Debug|Any CPU
		{E72D144E-877D-4613-832C-9259B56019C0}.Debug|Any CPU.Build.0 = Debug|Any CPU
		{E72D144E-877D-4613-832C-9259B56019C0}.Release|Any CPU.ActiveCfg = Release|Any CPU
		{E72D144E-877D-4613-832C-9259B56019C0}.Release|Any CPU.Build.0 = Release|Any CPU
	EndGlobalSection
	GlobalSection(NestedProjects) = preSolution
		{FAE119C9-75EB-4869-9959-0A0BA5CEA2D2} = {AEF3DFEB-E2A8-4180-8917-780B9A0E792E}
		{E72D144E-877D-4613-832C-9259B56019C0} = {2F3C4B9C-03FB-4CF9-9654-4F38E1FF58A9}
	EndGlobalSection
EndGlobal
